
Microsoft Visual Studio Solution File, Format Version 12.00
# Visual Studio Version 17
VisualStudioVersion = 17.0.31903.59
MinimumVisualStudioVersion = 10.0.40219.1
Project("{FAE04EC0-301F-11D3-BF4B-00C04F79EFBC}") = "Common", "..\Common\Common.csproj", "{C8971628-CFEA-41B5-80AD-45CBF057BF16}"
EndProject
Project("{2150E333-8FDC-42A3-9474-1A3956D46DE8}") = "src", "src", "{B5E5AE35-4580-4CE6-941A-A32DB8BA270E}"
EndProject
Project("{FAE04EC0-301F-11D3-BF4B-00C04F79EFBC}") = "SolutionB", "src\SolutionB\SolutionB.csproj", "{22657252-B97D-48FC-8D4A-91F5D2174504}"
EndProject
Global
	GlobalSection(SolutionConfigurationPlatforms) = preSolution
		Debug|Any CPU = Debug|Any CPU
		Release|Any CPU = Release|Any CPU
	EndGlobalSection
	GlobalSection(SolutionProperties) = preSolution
		HideSolutionNode = FALSE
	EndGlobalSection
	GlobalSection(ProjectConfigurationPlatforms) = postSolution
		{C8971628-CFEA-41B5-80AD-45CBF057BF16}.Debug|Any CPU.ActiveCfg = Debug|Any CPU
		{C8971628-CFEA-41B5-80AD-45CBF057BF16}.Debug|Any CPU.Build.0 = Debug|Any CPU
		{C8971628-CFEA-41B5-80AD-45CBF057BF16}.Release|Any CPU.ActiveCfg = Release|Any CPU
		{C8971628-CFEA-41B5-80AD-45CBF057BF16}.Release|Any CPU.Build.0 = Release|Any CPU
		{22657252-B97D-48FC-8D4A-91F5D2174504}.Debug|Any CPU.ActiveCfg = Debug|Any CPU
		{22657252-B97D-48FC-8D4A-91F5D2174504}.Debug|Any CPU.Build.0 = Debug|Any CPU
		{22657252-B97D-48FC-8D4A-91F5D2174504}.Release|Any CPU.ActiveCfg = Release|Any CPU
		{22657252-B97D-48FC-8D4A-91F5D2174504}.Release|Any CPU.Build.0 = Release|Any CPU
	EndGlobalSection
	GlobalSection(NestedProjects) = preSolution
		{22657252-B97D-48FC-8D4A-91F5D2174504} = {B5E5AE35-4580-4CE6-941A-A32DB8BA270E}
	EndGlobalSection
EndGlobal
